PODS:
  - Flutter (1.0.0)
  - flutter_weex (0.0.1):
    - Flutter
    - SDWebImage (~> 5.8.4)
    - WeexSDK (~> 0.26.0)
  - SDWebImage (5.8.4):
    - SDWebImage/Core (= 5.8.4)
  - SDWebImage/Core (5.8.4)
  - WeexSDK (0.26.0)

DEPENDENCIES:
  - Flutter (from `Flutter`)
  - flutter_weex (from `.symlinks/plugins/flutter_weex/ios`)

SPEC REPOS:
  trunk:
    - SDWebImage
    - WeexSDK

EXTERNAL SOURCES:
  Flutter:
    :path: Flutter
  flutter_weex:
    :path: ".symlinks/plugins/flutter_weex/ios"

SPEC CHECKSUMS:
  Flutter: 0e3d915762c693b495b44d77113d4970485de6ec
  flutter_weex: 274bb2d41036b372ef3839e2b8b85664cc15ebbb
  SDWebImage: cf6922231e95550934da2ada0f20f2becf2ceba9
  WeexSDK: 55b67d1c411eb28ec1e356f763a335d0ddcc5324

PODFILE CHECKSUM: 8e679eca47255a8ca8067c4c67aab20e64cb974d

COCOAPODS: 1.9.1
